
Microsoft Visual Studio Solution File, Format Version 12.00
# Visual Studio Version 17
VisualStudioVersion = 17.11.35312.102
MinimumVisualStudioVersion = 10.0.40219.1
Project("{FAE04EC0-301F-11D3-BF4B-00C04F79EFBC}") = "menor_distancia_array", "menor_distancia_array\menor_distancia_array.csproj", "{983FC939-CB5A-435B-9399-6AF5BE14CDEB}"
EndProject
Global
	GlobalSection(SolutionConfigurationPlatforms) = preSolution
		Debug|Any CPU = Debug|Any CPU
		Release|Any CPU = Release|Any CPU
	EndGlobalSection
	GlobalSection(ProjectConfigurationPlatforms) = postSolution
		{983FC939-CB5A-435B-9399-6AF5BE14CDEB}.Debug|Any CPU.ActiveCfg = Debug|Any CPU
		{983FC939-CB5A-435B-9399-6AF5BE14CDEB}.Debug|Any CPU.Build.0 = Debug|Any CPU
		{983FC939-CB5A-435B-9399-6AF5BE14CDEB}.Release|Any CPU.ActiveCfg = Release|Any CPU
		{983FC939-CB5A-435B-9399-6AF5BE14CDEB}.Release|Any CPU.Build.0 = Release|Any CPU
	EndGlobalSection
	GlobalSection(SolutionProperties) = preSolution
		HideSolutionNode = FALSE
	EndGlobalSection
	GlobalSection(ExtensibilityGlobals) = postSolution
		SolutionGuid = {917F03D4-DA12-4406-9512-533856818D9A}
	EndGlobalSection
EndGlobal
