
Microsoft Visual Studio Solution File, Format Version 12.00
# Visual Studio Version 17
VisualStudioVersion = 17.11.35312.102
MinimumVisualStudioVersion = 10.0.40219.1
Project("{9A19103F-16F7-4668-BE54-9A1E7A4F7556}") = "desafios_intelitrader", "livro_de_ofertas\desafios_intelitrader.csproj", "{FE6D2864-4B1B-45D3-95C1-6644CA3DED08}"
EndProject
Global
	GlobalSection(SolutionConfigurationPlatforms) = preSolution
		Debug|Any CPU = Debug|Any CPU
		Release|Any CPU = Release|Any CPU
	EndGlobalSection
	GlobalSection(ProjectConfigurationPlatforms) = postSolution
		{FE6D2864-4B1B-45D3-95C1-6644CA3DED08}.Debug|Any CPU.ActiveCfg = Debug|Any CPU
		{FE6D2864-4B1B-45D3-95C1-6644CA3DED08}.Debug|Any CPU.Build.0 = Debug|Any CPU
		{FE6D2864-4B1B-45D3-95C1-6644CA3DED08}.Release|Any CPU.ActiveCfg = Release|Any CPU
		{FE6D2864-4B1B-45D3-95C1-6644CA3DED08}.Release|Any CPU.Build.0 = Release|Any CPU
	EndGlobalSection
	GlobalSection(SolutionProperties) = preSolution
		HideSolutionNode = FALSE
	EndGlobalSection
	GlobalSection(ExtensibilityGlobals) = postSolution
		SolutionGuid = {6E10BFD8-B0A3-46F0-9A71-43A794B0AE93}
	EndGlobalSection
EndGlobal
